Microsoft Visual Studio Solution File, Format Version 12.00
# Visual Studio 15
Project("{8BC9CEB8-8B4A-11D0-8D11-00A0C91BC942}") = "ALL_BUILD", "ALL_BUILD.vcxproj", "{D3D128D7-05FF-35A8-87E2-1B372D8D0CD9}"
	ProjectSection(ProjectDependencies) = postProject
		{4B184DBD-6B76-32D1-8EFA-F51177BFB446} = {4B184DBD-6B76-32D1-8EFA-F51177BFB446}
		{11040A7E-4D04-3BFB-9276-823827A99BF5} = {11040A7E-4D04-3BFB-9276-823827A99BF5}
		{3AD4C83D-C3D8-39FE-81AF-CD520DD0E13B} = {3AD4C83D-C3D8-39FE-81AF-CD520DD0E13B}
		{481C7F59-477C-3E69-93FD-91559D2E992A} = {481C7F59-477C-3E69-93FD-91559D2E992A}
		{EBAC98B0-F038-31BE-8AB1-4F0AD66AA04A} = {EBAC98B0-F038-31BE-8AB1-4F0AD66AA04A}
		{ED000F5F-5365-31FC-95A6-7798E59CF6F1} = {ED000F5F-5365-31FC-95A6-7798E59CF6F1}
		{33D4B5F7-24C1-31F4-9FCD-56F3E8FF7A09} = {33D4B5F7-24C1-31F4-9FCD-56F3E8FF7A09}
		{FD869781-C63D-3C8C-8EA8-BCB64EEBCA8D} = {FD869781-C63D-3C8C-8EA8-BCB64EEBCA8D}
		{798EC3D7-E3A8-3D9A-BF2E-367FB2B849B5} = {798EC3D7-E3A8-3D9A-BF2E-367FB2B849B5}
		{0038F11D-7CBB-37B8-8706-D857AE0E5FEB} = {0038F11D-7CBB-37B8-8706-D857AE0E5FEB}
	EndProjectSection
EndProject
Project("{8BC9CEB8-8B4A-11D0-8D11-00A0C91BC942}") = "INSTALL", "INSTALL.vcxproj", "{2DD58DB5-6505-3A2C-8F88-5218B675BD90}"
	ProjectSection(ProjectDependencies) = postProject
		{D3D128D7-05FF-35A8-87E2-1B372D8D0CD9} = {D3D128D7-05FF-35A8-87E2-1B372D8D0CD9}
		{4B184DBD-6B76-32D1-8EFA-F51177BFB446} = {4B184DBD-6B76-32D1-8EFA-F51177BFB446}
	EndProjectSection
EndProject
Project("{8BC9CEB8-8B4A-11D0-8D11-00A0C91BC942}") = "ZERO_CHECK", "ZERO_CHECK.vcxproj", "{4B184DBD-6B76-32D1-8EFA-F51177BFB446}"
	ProjectSection(ProjectDependencies) = postProject
	EndProjectSection
EndProject
Project("{8BC9CEB8-8B4A-11D0-8D11-00A0C91BC942}") = "dbfadd", "dbfadd.vcxproj", "{11040A7E-4D04-3BFB-9276-823827A99BF5}"
	ProjectSection(ProjectDependencies) = postProject
		{4B184DBD-6B76-32D1-8EFA-F51177BFB446} = {4B184DBD-6B76-32D1-8EFA-F51177BFB446}
		{EBAC98B0-F038-31BE-8AB1-4F0AD66AA04A} = {EBAC98B0-F038-31BE-8AB1-4F0AD66AA04A}
	EndProjectSection
EndProject
Project("{8BC9CEB8-8B4A-11D0-8D11-00A0C91BC942}") = "dbfcreate", "dbfcreate.vcxproj", "{3AD4C83D-C3D8-39FE-81AF-CD520DD0E13B}"
	ProjectSection(ProjectDependencies) = postProject
		{4B184DBD-6B76-32D1-8EFA-F51177BFB446} = {4B184DBD-6B76-32D1-8EFA-F51177BFB446}
		{EBAC98B0-F038-31BE-8AB1-4F0AD66AA04A} = {EBAC98B0-F038-31BE-8AB1-4F0AD66AA04A}
	EndProjectSection
EndProject
Project("{8BC9CEB8-8B4A-11D0-8D11-00A0C91BC942}") = "dbfdump", "dbfdump.vcxproj", "{481C7F59-477C-3E69-93FD-91559D2E992A}"
	ProjectSection(ProjectDependencies) = postProject
		{4B184DBD-6B76-32D1-8EFA-F51177BFB446} = {4B184DBD-6B76-32D1-8EFA-F51177BFB446}
		{EBAC98B0-F038-31BE-8AB1-4F0AD66AA04A} = {EBAC98B0-F038-31BE-8AB1-4F0AD66AA04A}
	EndProjectSection
EndProject
Project("{8BC9CEB8-8B4A-11D0-8D11-00A0C91BC942}") = "shp", "shp.vcxproj", "{EBAC98B0-F038-31BE-8AB1-4F0AD66AA04A}"
	ProjectSection(ProjectDependencies) = postProject
		{4B184DBD-6B76-32D1-8EFA-F51177BFB446} = {4B184DBD-6B76-32D1-8EFA-F51177BFB446}
	EndProjectSection
EndProject
Project("{8BC9CEB8-8B4A-11D0-8D11-00A0C91BC942}") = "shpadd", "shpadd.vcxproj", "{ED000F5F-5365-31FC-95A6-7798E59CF6F1}"
	ProjectSection(ProjectDependencies) = postProject
		{4B184DBD-6B76-32D1-8EFA-F51177BFB446} = {4B184DBD-6B76-32D1-8EFA-F51177BFB446}
		{EBAC98B0-F038-31BE-8AB1-4F0AD66AA04A} = {EBAC98B0-F038-31BE-8AB1-4F0AD66AA04A}
	EndProjectSection
EndProject
Project("{8BC9CEB8-8B4A-11D0-8D11-00A0C91BC942}") = "shpcreate", "shpcreate.vcxproj", "{33D4B5F7-24C1-31F4-9FCD-56F3E8FF7A09}"
	ProjectSection(ProjectDependencies) = postProject
		{4B184DBD-6B76-32D1-8EFA-F51177BFB446} = {4B184DBD-6B76-32D1-8EFA-F51177BFB446}
		{EBAC98B0-F038-31BE-8AB1-4F0AD66AA04A} = {EBAC98B0-F038-31BE-8AB1-4F0AD66AA04A}
	EndProjectSection
EndProject
Project("{8BC9CEB8-8B4A-11D0-8D11-00A0C91BC942}") = "shpdump", "shpdump.vcxproj", "{FD869781-C63D-3C8C-8EA8-BCB64EEBCA8D}"
	ProjectSection(ProjectDependencies) = postProject
		{4B184DBD-6B76-32D1-8EFA-F51177BFB446} = {4B184DBD-6B76-32D1-8EFA-F51177BFB446}
		{EBAC98B0-F038-31BE-8AB1-4F0AD66AA04A} = {EBAC98B0-F038-31BE-8AB1-4F0AD66AA04A}
	EndProjectSection
EndProject
Project("{8BC9CEB8-8B4A-11D0-8D11-00A0C91BC942}") = "shprewind", "shprewind.vcxproj", "{798EC3D7-E3A8-3D9A-BF2E-367FB2B849B5}"
	ProjectSection(ProjectDependencies) = postProject
		{4B184DBD-6B76-32D1-8EFA-F51177BFB446} = {4B184DBD-6B76-32D1-8EFA-F51177BFB446}
		{EBAC98B0-F038-31BE-8AB1-4F0AD66AA04A} = {EBAC98B0-F038-31BE-8AB1-4F0AD66AA04A}
	EndProjectSection
EndProject
Project("{8BC9CEB8-8B4A-11D0-8D11-00A0C91BC942}") = "shptreedump", "shptreedump.vcxproj", "{0038F11D-7CBB-37B8-8706-D857AE0E5FEB}"
	ProjectSection(ProjectDependencies) = postProject
		{4B184DBD-6B76-32D1-8EFA-F51177BFB446} = {4B184DBD-6B76-32D1-8EFA-F51177BFB446}
		{EBAC98B0-F038-31BE-8AB1-4F0AD66AA04A} = {EBAC98B0-F038-31BE-8AB1-4F0AD66AA04A}
	EndProjectSection
EndProject
Global
	GlobalSection(SolutionConfigurationPlatforms) = preSolution
		Debug|x64 = Debug|x64
		Release|x64 = Release|x64
		MinSizeRel|x64 = MinSizeRel|x64
		RelWithDebInfo|x64 = RelWithDebInfo|x64
	EndGlobalSection
	GlobalSection(ProjectConfigurationPlatforms) = postSolution
		{D3D128D7-05FF-35A8-87E2-1B372D8D0CD9}.Debug|x64.ActiveCfg = Debug|x64
		{D3D128D7-05FF-35A8-87E2-1B372D8D0CD9}.Debug|x64.Build.0 = Debug|x64
		{D3D128D7-05FF-35A8-87E2-1B372D8D0CD9}.Release|x64.ActiveCfg = Release|x64
		{D3D128D7-05FF-35A8-87E2-1B372D8D0CD9}.Release|x64.Build.0 = Release|x64
		{D3D128D7-05FF-35A8-87E2-1B372D8D0CD9}.MinSizeRel|x64.ActiveCfg = MinSizeRel|x64
		{D3D128D7-05FF-35A8-87E2-1B372D8D0CD9}.MinSizeRel|x64.Build.0 = MinSizeRel|x64
		{D3D128D7-05FF-35A8-87E2-1B372D8D0CD9}.RelWithDebInfo|x64.ActiveCfg = RelWithDebInfo|x64
		{D3D128D7-05FF-35A8-87E2-1B372D8D0CD9}.RelWithDebInfo|x64.Build.0 = RelWithDebInfo|x64
		{2DD58DB5-6505-3A2C-8F88-5218B675BD90}.Debug|x64.ActiveCfg = Debug|x64
		{2DD58DB5-6505-3A2C-8F88-5218B675BD90}.Release|x64.ActiveCfg = Release|x64
		{2DD58DB5-6505-3A2C-8F88-5218B675BD90}.MinSizeRel|x64.ActiveCfg = MinSizeRel|x64
		{2DD58DB5-6505-3A2C-8F88-5218B675BD90}.RelWithDebInfo|x64.ActiveCfg = RelWithDebInfo|x64
		{4B184DBD-6B76-32D1-8EFA-F51177BFB446}.Debug|x64.ActiveCfg = Debug|x64
		{4B184DBD-6B76-32D1-8EFA-F51177BFB446}.Debug|x64.Build.0 = Debug|x64
		{4B184DBD-6B76-32D1-8EFA-F51177BFB446}.Release|x64.ActiveCfg = Release|x64
		{4B184DBD-6B76-32D1-8EFA-F51177BFB446}.Release|x64.Build.0 = Release|x64
		{4B184DBD-6B76-32D1-8EFA-F51177BFB446}.MinSizeRel|x64.ActiveCfg = MinSizeRel|x64
		{4B184DBD-6B76-32D1-8EFA-F51177BFB446}.MinSizeRel|x64.Build.0 = MinSizeRel|x64
		{4B184DBD-6B76-32D1-8EFA-F51177BFB446}.RelWithDebInfo|x64.ActiveCfg = RelWithDebInfo|x64
		{4B184DBD-6B76-32D1-8EFA-F51177BFB446}.RelWithDebInfo|x64.Build.0 = RelWithDebInfo|x64
		{11040A7E-4D04-3BFB-9276-823827A99BF5}.Debug|x64.ActiveCfg = Debug|x64
		{11040A7E-4D04-3BFB-9276-823827A99BF5}.Debug|x64.Build.0 = Debug|x64
		{11040A7E-4D04-3BFB-9276-823827A99BF5}.Release|x64.ActiveCfg = Release|x64
		{11040A7E-4D04-3BFB-9276-823827A99BF5}.Release|x64.Build.0 = Release|x64
		{11040A7E-4D04-3BFB-9276-823827A99BF5}.MinSizeRel|x64.ActiveCfg = MinSizeRel|x64
		{11040A7E-4D04-3BFB-9276-823827A99BF5}.MinSizeRel|x64.Build.0 = MinSizeRel|x64
		{11040A7E-4D04-3BFB-9276-823827A99BF5}.RelWithDebInfo|x64.ActiveCfg = RelWithDebInfo|x64
		{11040A7E-4D04-3BFB-9276-823827A99BF5}.RelWithDebInfo|x64.Build.0 = RelWithDebInfo|x64
		{3AD4C83D-C3D8-39FE-81AF-CD520DD0E13B}.Debug|x64.ActiveCfg = Debug|x64
		{3AD4C83D-C3D8-39FE-81AF-CD520DD0E13B}.Debug|x64.Build.0 = Debug|x64
		{3AD4C83D-C3D8-39FE-81AF-CD520DD0E13B}.Release|x64.ActiveCfg = Release|x64
		{3AD4C83D-C3D8-39FE-81AF-CD520DD0E13B}.Release|x64.Build.0 = Release|x64
		{3AD4C83D-C3D8-39FE-81AF-CD520DD0E13B}.MinSizeRel|x64.ActiveCfg = MinSizeRel|x64
		{3AD4C83D-C3D8-39FE-81AF-CD520DD0E13B}.MinSizeRel|x64.Build.0 = MinSizeRel|x64
		{3AD4C83D-C3D8-39FE-81AF-CD520DD0E13B}.RelWithDebInfo|x64.ActiveCfg = RelWithDebInfo|x64
		{3AD4C83D-C3D8-39FE-81AF-CD520DD0E13B}.RelWithDebInfo|x64.Build.0 = RelWithDebInfo|x64
		{481C7F59-477C-3E69-93FD-91559D2E992A}.Debug|x64.ActiveCfg = Debug|x64
		{481C7F59-477C-3E69-93FD-91559D2E992A}.Debug|x64.Build.0 = Debug|x64
		{481C7F59-477C-3E69-93FD-91559D2E992A}.Release|x64.ActiveCfg = Release|x64
		{481C7F59-477C-3E69-93FD-91559D2E992A}.Release|x64.Build.0 = Release|x64
		{481C7F59-477C-3E69-93FD-91559D2E992A}.MinSizeRel|x64.ActiveCfg = MinSizeRel|x64
		{481C7F59-477C-3E69-93FD-91559D2E992A}.MinSizeRel|x64.Build.0 = MinSizeRel|x64
		{481C7F59-477C-3E69-93FD-91559D2E992A}.RelWithDebInfo|x64.ActiveCfg = RelWithDebInfo|x64
		{481C7F59-477C-3E69-93FD-91559D2E992A}.RelWithDebInfo|x64.Build.0 = RelWithDebInfo|x64
		{EBAC98B0-F038-31BE-8AB1-4F0AD66AA04A}.Debug|x64.ActiveCfg = Debug|x64
		{EBAC98B0-F038-31BE-8AB1-4F0AD66AA04A}.Debug|x64.Build.0 = Debug|x64
		{EBAC98B0-F038-31BE-8AB1-4F0AD66AA04A}.Release|x64.ActiveCfg = Release|x64
		{EBAC98B0-F038-31BE-8AB1-4F0AD66AA04A}.Release|x64.Build.0 = Release|x64
		{EBAC98B0-F038-31BE-8AB1-4F0AD66AA04A}.MinSizeRel|x64.ActiveCfg = MinSizeRel|x64
		{EBAC98B0-F038-31BE-8AB1-4F0AD66AA04A}.MinSizeRel|x64.Build.0 = MinSizeRel|x64
		{EBAC98B0-F038-31BE-8AB1-4F0AD66AA04A}.RelWithDebInfo|x64.ActiveCfg = RelWithDebInfo|x64
		{EBAC98B0-F038-31BE-8AB1-4F0AD66AA04A}.RelWithDebInfo|x64.Build.0 = RelWithDebInfo|x64
		{ED000F5F-5365-31FC-95A6-7798E59CF6F1}.Debug|x64.ActiveCfg = Debug|x64
		{ED000F5F-5365-31FC-95A6-7798E59CF6F1}.Debug|x64.Build.0 = Debug|x64
		{ED000F5F-5365-31FC-95A6-7798E59CF6F1}.Release|x64.ActiveCfg = Release|x64
		{ED000F5F-5365-31FC-95A6-7798E59CF6F1}.Release|x64.Build.0 = Release|x64
		{ED000F5F-5365-31FC-95A6-7798E59CF6F1}.MinSizeRel|x64.ActiveCfg = MinSizeRel|x64
		{ED000F5F-5365-31FC-95A6-7798E59CF6F1}.MinSizeRel|x64.Build.0 = MinSizeRel|x64
		{ED000F5F-5365-31FC-95A6-7798E59CF6F1}.RelWithDebInfo|x64.ActiveCfg = RelWithDebInfo|x64
		{ED000F5F-5365-31FC-95A6-7798E59CF6F1}.RelWithDebInfo|x64.Build.0 = RelWithDebInfo|x64
		{33D4B5F7-24C1-31F4-9FCD-56F3E8FF7A09}.Debug|x64.ActiveCfg = Debug|x64
		{33D4B5F7-24C1-31F4-9FCD-56F3E8FF7A09}.Debug|x64.Build.0 = Debug|x64
		{33D4B5F7-24C1-31F4-9FCD-56F3E8FF7A09}.Release|x64.ActiveCfg = Release|x64
		{33D4B5F7-24C1-31F4-9FCD-56F3E8FF7A09}.Release|x64.Build.0 = Release|x64
		{33D4B5F7-24C1-31F4-9FCD-56F3E8FF7A09}.MinSizeRel|x64.ActiveCfg = MinSizeRel|x64
		{33D4B5F7-24C1-31F4-9FCD-56F3E8FF7A09}.MinSizeRel|x64.Build.0 = MinSizeRel|x64
		{33D4B5F7-24C1-31F4-9FCD-56F3E8FF7A09}.RelWithDebInfo|x64.ActiveCfg = RelWithDebInfo|x64
		{33D4B5F7-24C1-31F4-9FCD-56F3E8FF7A09}.RelWithDebInfo|x64.Build.0 = RelWithDebInfo|x64
		{FD869781-C63D-3C8C-8EA8-BCB64EEBCA8D}.Debug|x64.ActiveCfg = Debug|x64
		{FD869781-C63D-3C8C-8EA8-BCB64EEBCA8D}.Debug|x64.Build.0 = Debug|x64
		{FD869781-C63D-3C8C-8EA8-BCB64EEBCA8D}.Release|x64.ActiveCfg = Release|x64
		{FD869781-C63D-3C8C-8EA8-BCB64EEBCA8D}.Release|x64.Build.0 = Release|x64
		{FD869781-C63D-3C8C-8EA8-BCB64EEBCA8D}.MinSizeRel|x64.ActiveCfg = MinSizeRel|x64
		{FD869781-C63D-3C8C-8EA8-BCB64EEBCA8D}.MinSizeRel|x64.Build.0 = MinSizeRel|x64
		{FD869781-C63D-3C8C-8EA8-BCB64EEBCA8D}.RelWithDebInfo|x64.ActiveCfg = RelWithDebInfo|x64
		{FD869781-C63D-3C8C-8EA8-BCB64EEBCA8D}.RelWithDebInfo|x64.Build.0 = RelWithDebInfo|x64
		{798EC3D7-E3A8-3D9A-BF2E-367FB2B849B5}.Debug|x64.ActiveCfg = Debug|x64
		{798EC3D7-E3A8-3D9A-BF2E-367FB2B849B5}.Debug|x64.Build.0 = Debug|x64
		{798EC3D7-E3A8-3D9A-BF2E-367FB2B849B5}.Release|x64.ActiveCfg = Release|x64
		{798EC3D7-E3A8-3D9A-BF2E-367FB2B849B5}.Release|x64.Build.0 = Release|x64
		{798EC3D7-E3A8-3D9A-BF2E-367FB2B849B5}.MinSizeRel|x64.ActiveCfg = MinSizeRel|x64
		{798EC3D7-E3A8-3D9A-BF2E-367FB2B849B5}.MinSizeRel|x64.Build.0 = MinSizeRel|x64
		{798EC3D7-E3A8-3D9A-BF2E-367FB2B849B5}.RelWithDebInfo|x64.ActiveCfg = RelWithDebInfo|x64
		{798EC3D7-E3A8-3D9A-BF2E-367FB2B849B5}.RelWithDebInfo|x64.Build.0 = RelWithDebInfo|x64
		{0038F11D-7CBB-37B8-8706-D857AE0E5FEB}.Debug|x64.ActiveCfg = Debug|x64
		{0038F11D-7CBB-37B8-8706-D857AE0E5FEB}.Debug|x64.Build.0 = Debug|x64
		{0038F11D-7CBB-37B8-8706-D857AE0E5FEB}.Release|x64.ActiveCfg = Release|x64
		{0038F11D-7CBB-37B8-8706-D857AE0E5FEB}.Release|x64.Build.0 = Release|x64
		{0038F11D-7CBB-37B8-8706-D857AE0E5FEB}.MinSizeRel|x64.ActiveCfg = MinSizeRel|x64
		{0038F11D-7CBB-37B8-8706-D857AE0E5FEB}.MinSizeRel|x64.Build.0 = MinSizeRel|x64
		{0038F11D-7CBB-37B8-8706-D857AE0E5FEB}.RelWithDebInfo|x64.ActiveCfg = RelWithDebInfo|x64
		{0038F11D-7CBB-37B8-8706-D857AE0E5FEB}.RelWithDebInfo|x64.Build.0 = RelWithDebInfo|x64
	EndGlobalSection
	GlobalSection(ExtensibilityGlobals) = postSolution
		SolutionGuid = {DA441010-4986-39ED-8E98-88F89B3CF117}
	EndGlobalSection
	GlobalSection(ExtensibilityAddIns) = postSolution
	EndGlobalSection
EndGlobal
